
Microsoft Visual Studio Solution File, Format Version 12.00
# Visual Studio Version 17
VisualStudioVersion = 17.5.002.0
MinimumVisualStudioVersion = 10.0.40219.1
Project("{9A19103F-16F7-4668-BE54-9A1E7A4F7556}") = "MyWebAPI", "MyWebAPI.csproj", "{4D6E8D46-DD84-4FB6-A64E-C2E61C79626C}"
EndProject
Global
	GlobalSection(SolutionConfigurationPlatforms) = preSolution
		Debug|Any CPU = Debug|Any CPU
		Release|Any CPU = Release|Any CPU
	EndGlobalSection
	GlobalSection(ProjectConfigurationPlatforms) = postSolution
		{4D6E8D46-DD84-4FB6-A64E-C2E61C79626C}.Debug|Any CPU.ActiveCfg = Debug|Any CPU
		{4D6E8D46-DD84-4FB6-A64E-C2E61C79626C}.Debug|Any CPU.Build.0 = Debug|Any CPU
		{4D6E8D46-DD84-4FB6-A64E-C2E61C79626C}.Release|Any CPU.ActiveCfg = Release|Any CPU
		{4D6E8D46-DD84-4FB6-A64E-C2E61C79626C}.Release|Any CPU.Build.0 = Release|Any CPU
	EndGlobalSection
	GlobalSection(SolutionProperties) = preSolution
		HideSolutionNode = FALSE
	EndGlobalSection
	GlobalSection(ExtensibilityGlobals) = postSolution
		SolutionGuid = {EE45298C-5B76-413B-BA1F-B079A1582860}
	EndGlobalSection
EndGlobal
